// !$*UTF8*$!
{
	archiveVersion = 1;
	classes = {
	};
	objectVersion = 77;
	objects = {

/* Begin PBXBuildFile section */
		C1A8CF042DA42C6500ADE671 /* GameView.swift in Sources */ = {isa = PBXBuildFile; fileRef = C1A8CF012DA42C6500ADE671 /* GameView.swift */; };
		C1A8CF052DA42C6500ADE671 /* Preview Assets.xcassets in Resources */ = {isa = PBXBuildFile; fileRef = C1A8CEFE2DA42C6500ADE671 /* Preview Assets.xcassets */; };
		C1A8CF062DA42C6500ADE671 /* Assets.xcassets in Resources */ = {isa = PBXBuildFile; fileRef = C1A8CF002DA42C6500ADE671 /* Assets.xcassets */; };
		C1A8CF0C2DA42C8100ADE671 /* SpellingWordGameApp.swift in Sources */ = {isa = PBXBuildFile; fileRef = C1A8CF0A2DA42C8100ADE671 /* SpellingWordGameApp.swift */; };
		C1A8CF0E2DA4302300ADE671 /* AnwserFilter.swift in Sources */ = {isa = PBXBuildFile; fileRef = C1A8CF0D2DA4302300ADE671 /* AnwserFilter.swift */; };
		C1A8CF102DA4304600ADE671 /* WordItems.swift in Sources */ = {isa = PBXBuildFile; fileRef = C1A8CF0F2DA4304600ADE671 /* WordItems.swift */; };
		C1A8CF122DA4307000ADE671 /* AnwserOutcome.swift in Sources */ = {isa = PBXBuildFile; fileRef = C1A8CF112DA4307000ADE671 /* AnwserOutcome.swift */; };
		C1A8CF142DA4307B00ADE671 /* Results.swift in Sources */ = {isa = PBXBuildFile; fileRef = C1A8CF132DA4307B00ADE671 /* Results.swift */; };
		C1A8CF162DA499F100ADE671 /* OpeningStudentView.swift in Sources */ = {isa = PBXBuildFile; fileRef = C1A8CF152DA499F000ADE671 /* OpeningStudentView.swift */; };
		C1D0F1A32DA58BCF00D05400 /* PracticeView.swift in Sources */ = {isa = PBXBuildFile; fileRef = C1D0F1A22DA58BCF00D05400 /* PracticeView.swift */; };
		C1D0F1A52DA58BE600D05400 /* TeacherassignedView.swift in Sources */ = {isa = PBXBuildFile; fileRef = C1D0F1A42DA58BE600D05400 /* TeacherassignedView.swift */; };
		C1D0F1A72DA58C2800D05400 /* OpeningTeacherView.swift in Sources */ = {isa = PBXBuildFile; fileRef = C1D0F1A62DA58C2800D05400 /* OpeningTeacherView.swift */; };
		C1D0F1AB2DA59FF100D05400 /* TeacherGameView.swift in Sources */ = {isa = PBXBuildFile; fileRef = C1D0F1AA2DA59FF100D05400 /* TeacherGameView.swift */; };
		C1D0F1AD2DA5A1E900D05400 /* CreditsView.swift in Sources */ = {isa = PBXBuildFile; fileRef = C1D0F1AC2DA5A1E900D05400 /* CreditsView.swift */; };
		C1D0F1AF2DA6C8A000D05400 /* EasyPracticeView.swift in Sources */ = {isa = PBXBuildFile; fileRef = C1D0F1AE2DA6C8A000D05400 /* EasyPracticeView.swift */; };
		C1D0F1B12DA6C8AE00D05400 /* MediumPracticeView.swift in Sources */ = {isa = PBXBuildFile; fileRef = C1D0F1B02DA6C8AE00D05400 /* MediumPracticeView.swift */; };
		C1D0F1B32DA6C8BC00D05400 /* HardPracticeView.swift in Sources */ = {isa = PBXBuildFile; fileRef = C1D0F1B22DA6C8BC00D05400 /* HardPracticeView.swift */; };
		C1D0F1B52DA6C92B00D05400 /* EasyWords.swift in Sources */ = {isa = PBXBuildFile; fileRef = C1D0F1B42DA6C92B00D05400 /* EasyWords.swift */; };
		C1D0F1B72DA6C93600D05400 /* MediumWords.swift in Sources */ = {isa = PBXBuildFile; fileRef = C1D0F1B62DA6C93600D05400 /* MediumWords.swift */; };
		C1D0F1B92DA6C94100D05400 /* HardWords.swift in Sources */ = {isa = PBXBuildFile; fileRef = C1D0F1B82DA6C94100D05400 /* HardWords.swift */; };
/* End PBXBuildFile section */

/* Begin PBXFileReference section */
		C1A8CE982DA4299800ADE671 /* SpellingWordGame.app */ = {isa = PBXFileReference; explicitFileType = wrapper.application; includeInIndex = 0; path = SpellingWordGame.app; sourceTree = BUILT_PRODUCTS_DIR; };
		C1A8CEFE2DA42C6500ADE671 /* Preview Assets.xcassets */ = {isa = PBXFileReference; lastKnownFileType = folder.assetcatalog; path = "Preview Assets.xcassets"; sourceTree = "<group>"; };
		C1A8CF002DA42C6500ADE671 /* Assets.xcassets */ = {isa = PBXFileReference; lastKnownFileType = folder.assetcatalog; path = Assets.xcassets; sourceTree = "<group>"; };
		C1A8CF012DA42C6500ADE671 /* GameView.swift */ = {isa = PBXFileReference; lastKnownFileType = sourcecode.swift; path = GameView.swift; sourceTree = "<group>"; };
		C1A8CF022DA42C6500ADE671 /* SpellingWordGame.entitlements */ = {isa = PBXFileReference; lastKnownFileType = text.plist.entitlements; path = SpellingWordGame.entitlements; sourceTree = "<group>"; };
		C1A8CF0A2DA42C8100ADE671 /* SpellingWordGameApp.swift */ = {isa = PBXFileReference; lastKnownFileType = sourcecode.swift; path = SpellingWordGameApp.swift; sourceTree = "<group>"; };
		C1A8CF0D2DA4302300ADE671 /* AnwserFilter.swift */ = {isa = PBXFileReference; lastKnownFileType = sourcecode.swift; path = AnwserFilter.swift; sourceTree = "<group>"; };
		C1A8CF0F2DA4304600ADE671 /* WordItems.swift */ = {isa = PBXFileReference; lastKnownFileType = sourcecode.swift; path = WordItems.swift; sourceTree = "<group>"; };
		C1A8CF112DA4307000ADE671 /* AnwserOutcome.swift */ = {isa = PBXFileReference; lastKnownFileType = sourcecode.swift; path = AnwserOutcome.swift; sourceTree = "<group>"; };
		C1A8CF132DA4307B00ADE671 /* Results.swift */ = {isa = PBXFileReference; lastKnownFileType = sourcecode.swift; path = Results.swift; sourceTree = "<group>"; };
		C1A8CF152DA499F000ADE671 /* OpeningStudentView.swift */ = {isa = PBXFileReference; lastKnownFileType = sourcecode.swift; path = OpeningStudentView.swift; sourceTree = "<group>"; };
		C1D0F1A22DA58BCF00D05400 /* PracticeView.swift */ = {isa = PBXFileReference; lastKnownFileType = sourcecode.swift; path = PracticeView.swift; sourceTree = "<group>"; };
		C1D0F1A42DA58BE600D05400 /* TeacherassignedView.swift */ = {isa = PBXFileReference; lastKnownFileType = sourcecode.swift; path = TeacherassignedView.swift; sourceTree = "<group>"; };
		C1D0F1A62DA58C2800D05400 /* OpeningTeacherView.swift */ = {isa = PBXFileReference; lastKnownFileType = sourcecode.swift; path = OpeningTeacherView.swift; sourceTree = "<group>"; };
		C1D0F1AA2DA59FF100D05400 /* TeacherGameView.swift */ = {isa = PBXFileReference; lastKnownFileType = sourcecode.swift; path = TeacherGameView.swift; sourceTree = "<group>"; };
		C1D0F1AC2DA5A1E900D05400 /* CreditsView.swift */ = {isa = PBXFileReference; lastKnownFileType = sourcecode.swift; path = CreditsView.swift; sourceTree = "<group>"; };
		C1D0F1AE2DA6C8A000D05400 /* EasyPracticeView.swift */ = {isa = PBXFileReference; lastKnownFileType = sourcecode.swift; path = EasyPracticeView.swift; sourceTree = "<group>"; };
		C1D0F1B02DA6C8AE00D05400 /* MediumPracticeView.swift */ = {isa = PBXFileReference; lastKnownFileType = sourcecode.swift; path = MediumPracticeView.swift; sourceTree = "<group>"; };
		C1D0F1B22DA6C8BC00D05400 /* HardPracticeView.swift */ = {isa = PBXFileReference; lastKnownFileType = sourcecode.swift; path = HardPracticeView.swift; sourceTree = "<group>"; };
		C1D0F1B42DA6C92B00D05400 /* EasyWords.swift */ = {isa = PBXFileReference; lastKnownFileType = sourcecode.swift; path = EasyWords.swift; sourceTree = "<group>"; };
		C1D0F1B62DA6C93600D05400 /* MediumWords.swift */ = {isa = PBXFileReference; lastKnownFileType = sourcecode.swift; path = MediumWords.swift; sourceTree = "<group>"; };
		C1D0F1B82DA6C94100D05400 /* HardWords.swift */ = {isa = PBXFileReference; lastKnownFileType = sourcecode.swift; path = HardWords.swift; sourceTree = "<group>"; };
/* End PBXFileReference section */

/* Begin PBXFrameworksBuildPhase section */
		C1A8CE952DA4299800ADE671 /* Frameworks */ = {
			isa = PBXFrameworksBuildPhase;
			buildActionMask = 2147483647;
			files = (
			);
			runOnlyForDeploymentPostprocessing = 0;
		};
/* End PBXFrameworksBuildPhase section */

/* Begin PBXGroup section */
		C1A8CE8F2DA4299800ADE671 = {
			isa = PBXGroup;
			children = (
				C1A8CF032DA42C6500ADE671 /* SpellingWordGame */,
				C1A8CF002DA42C6500ADE671 /* Assets.xcassets */,
				C1A8CE992DA4299800ADE671 /* Products */,
			);
			sourceTree = "<group>";
		};
		C1A8CE992DA4299800ADE671 /* Products */ = {
			isa = PBXGroup;
			children = (
				C1A8CE982DA4299800ADE671 /* SpellingWordGame.app */,
			);
			name = Products;
			sourceTree = "<group>";
		};
		C1A8CEFF2DA42C6500ADE671 /* Preview Content */ = {
			isa = PBXGroup;
			children = (
				C1A8CEFE2DA42C6500ADE671 /* Preview Assets.xcassets */,
			);
			path = "Preview Content";
			sourceTree = "<group>";
		};
		C1A8CF032DA42C6500ADE671 /* SpellingWordGame */ = {
			isa = PBXGroup;
			children = (
				C1A8CF022DA42C6500ADE671 /* SpellingWordGame.entitlements */,
				C1A8CF0A2DA42C8100ADE671 /* SpellingWordGameApp.swift */,
				C1A8CF092DA42C7F00ADE671 /* Functions */,
				C1A8CF082DA42C7D00ADE671 /* Models */,
				C1A8CF072DA42C6B00ADE671 /* Views */,
				C1A8CEFF2DA42C6500ADE671 /* Preview Content */,
			);
			path = SpellingWordGame;
			sourceTree = "<group>";
		};
		C1A8CF072DA42C6B00ADE671 /* Views */ = {
			isa = PBXGroup;
			children = (
				C1A8CF152DA499F000ADE671 /* OpeningStudentView.swift */,
				C1D0F1A62DA58C2800D05400 /* OpeningTeacherView.swift */,
				C1D0F1AC2DA5A1E900D05400 /* CreditsView.swift */,
				C1A8CF012DA42C6500ADE671 /* GameView.swift */,
				C1D0F1A22DA58BCF00D05400 /* PracticeView.swift */,
				C1D0F1AE2DA6C8A000D05400 /* EasyPracticeView.swift */,
				C1D0F1B02DA6C8AE00D05400 /* MediumPracticeView.swift */,
				C1D0F1B22DA6C8BC00D05400 /* HardPracticeView.swift */,
				C1D0F1A42DA58BE600D05400 /* TeacherassignedView.swift */,
				C1D0F1AA2DA59FF100D05400 /* TeacherGameView.swift */,
			);
			path = Views;
			sourceTree = "<group>";
		};
		C1A8CF082DA42C7D00ADE671 /* Models */ = {
			isa = PBXGroup;
			children = (
				C1A8CF0F2DA4304600ADE671 /* WordItems.swift */,
				C1D0F1B42DA6C92B00D05400 /* EasyWords.swift */,
				C1D0F1B62DA6C93600D05400 /* MediumWords.swift */,
				C1D0F1B82DA6C94100D05400 /* HardWords.swift */,
				C1A8CF112DA4307000ADE671 /* AnwserOutcome.swift */,
				C1A8CF132DA4307B00ADE671 /* Results.swift */,
			);
			path = Models;
			sourceTree = "<group>";
		};
		C1A8CF092DA42C7F00ADE671 /* Functions */ = {
			isa = PBXGroup;
			children = (
				C1A8CF0D2DA4302300ADE671 /* AnwserFilter.swift */,
			);
			path = Functions;
			sourceTree = "<group>";
		};
/* End PBXGroup section */

/* Begin PBXNativeTarget section */
		C1A8CE972DA4299800ADE671 /* SpellingWordGame */ = {
			isa = PBXNativeTarget;
			buildConfigurationList = C1A8CEA72DA4299C00ADE671 /* Build configuration list for PBXNativeTarget "SpellingWordGame" */;
			buildPhases = (
				C1A8CE942DA4299800ADE671 /* Sources */,
				C1A8CE952DA4299800ADE671 /* Frameworks */,
				C1A8CE962DA4299800ADE671 /* Resources */,
			);
			buildRules = (
			);
			dependencies = (
			);
			name = SpellingWordGame;
			packageProductDependencies = (
			);
			productName = SpellingWordGame;
			productReference = C1A8CE982DA4299800ADE671 /* SpellingWordGame.app */;
			productType = "com.apple.product-type.application";
		};
/* End PBXNativeTarget section */

/* Begin PBXProject section */
		C1A8CE902DA4299800ADE671 /* Project object */ = {
			isa = PBXProject;
			attributes = {
				BuildIndependentTargetsInParallel = 1;
				LastSwiftUpdateCheck = 1600;
				LastUpgradeCheck = 1600;
				TargetAttributes = {
					C1A8CE972DA4299800ADE671 = {
						CreatedOnToolsVersion = 16.0;
					};
				};
			};
			buildConfigurationList = C1A8CE932DA4299800ADE671 /* Build configuration list for PBXProject "SpellingWordGame" */;
			developmentRegion = en;
			hasScannedForEncodings = 0;
			knownRegions = (
				en,
				Base,
			);
			mainGroup = C1A8CE8F2DA4299800ADE671;
			minimizedProjectReferenceProxies = 1;
			preferredProjectObjectVersion = 77;
			productRefGroup = C1A8CE992DA4299800ADE671 /* Products */;
			projectDirPath = "";
			projectRoot = "";
			targets = (
				C1A8CE972DA4299800ADE671 /* SpellingWordGame */,
			);
		};
/* End PBXProject section */

/* Begin PBXResourcesBuildPhase section */
		C1A8CE962DA4299800ADE671 /* Resources */ = {
			isa = PBXResourcesBuildPhase;
			buildActionMask = 2147483647;
			files = (
				C1A8CF052DA42C6500ADE671 /* Preview Assets.xcassets in Resources */,
				C1A8CF062DA42C6500ADE671 /* Assets.xcassets in Resources */,
			);
			runOnlyForDeploymentPostprocessing = 0;
		};
/* End PBXResourcesBuildPhase section */

/* Begin PBXSourcesBuildPhase section */
		C1A8CE942DA4299800ADE671 /* Sources */ = {
			isa = PBXSourcesBuildPhase;
			buildActionMask = 2147483647;
			files = (
				C1A8CF142DA4307B00ADE671 /* Results.swift in Sources */,
				C1D0F1AB2DA59FF100D05400 /* TeacherGameView.swift in Sources */,
				C1A8CF102DA4304600ADE671 /* WordItems.swift in Sources */,
				C1A8CF042DA42C6500ADE671 /* GameView.swift in Sources */,
				C1D0F1B92DA6C94100D05400 /* HardWords.swift in Sources */,
				C1D0F1B72DA6C93600D05400 /* MediumWords.swift in Sources */,
				C1D0F1A32DA58BCF00D05400 /* PracticeView.swift in Sources */,
				C1D0F1A72DA58C2800D05400 /* OpeningTeacherView.swift in Sources */,
				C1A8CF0C2DA42C8100ADE671 /* SpellingWordGameApp.swift in Sources */,
				C1D0F1AF2DA6C8A000D05400 /* EasyPracticeView.swift in Sources */,
				C1D0F1A52DA58BE600D05400 /* TeacherassignedView.swift in Sources */,
				C1A8CF162DA499F100ADE671 /* OpeningStudentView.swift in Sources */,
				C1D0F1B12DA6C8AE00D05400 /* MediumPracticeView.swift in Sources */,
				C1D0F1B52DA6C92B00D05400 /* EasyWords.swift in Sources */,
				C1A8CF122DA4307000ADE671 /* AnwserOutcome.swift in Sources */,
				C1D0F1B32DA6C8BC00D05400 /* HardPracticeView.swift in Sources */,
				C1D0F1AD2DA5A1E900D05400 /* CreditsView.swift in Sources */,
				C1A8CF0E2DA4302300ADE671 /* AnwserFilter.swift in Sources */,
			);
			runOnlyForDeploymentPostprocessing = 0;
		};
/* End PBXSourcesBuildPhase section */

/* Begin XCBuildConfiguration section */
		C1A8CEA52DA4299C00ADE671 /* Debug */ = {
			isa = XCBuildConfiguration;
			buildSettings = {
				ALWAYS_SEARCH_USER_PATHS = NO;
				ASSETCATALOG_COMPILER_GENERATE_SWIFT_ASSET_SYMBOL_EXTENSIONS = YES;
				CLANG_ANALYZER_NONNULL = YES;
				CLANG_ANALYZER_NUMBER_OBJECT_CONVERSION = YES_AGGRESSIVE;
				CLANG_CXX_LANGUAGE_STANDARD = "gnu++20";
				CLANG_ENABLE_MODULES = YES;
				CLANG_ENABLE_OBJC_ARC = YES;
				CLANG_ENABLE_OBJC_WEAK = YES;
				CLANG_WARN_BLOCK_CAPTURE_AUTORELEASING = YES;
				CLANG_WARN_BOOL_CONVERSION = YES;
				CLANG_WARN_COMMA = YES;
				CLANG_WARN_CONSTANT_CONVERSION = YES;
				CLANG_WARN_DEPRECATED_OBJC_IMPLEMENTATIONS = YES;
				CLANG_WARN_DIRECT_OBJC_ISA_USAGE = YES_ERROR;
				CLANG_WARN_DOCUMENTATION_COMMENTS = YES;
				CLANG_WARN_EMPTY_BODY = YES;
				CLANG_WARN_ENUM_CONVERSION = YES;
				CLANG_WARN_INFINITE_RECURSION = YES;
				CLANG_WARN_INT_CONVERSION = YES;
				CLANG_WARN_NON_LITERAL_NULL_CONVERSION = YES;
				CLANG_WARN_OBJC_IMPLICIT_RETAIN_SELF = YES;
				CLANG_WARN_OBJC_LITERAL_CONVERSION = YES;
				CLANG_WARN_OBJC_ROOT_CLASS = YES_ERROR;
				CLANG_WARN_QUOTED_INCLUDE_IN_FRAMEWORK_HEADER = YES;
				CLANG_WARN_RANGE_LOOP_ANALYSIS = YES;
				CLANG_WARN_STRICT_PROTOTYPES = YES;
				CLANG_WARN_SUSPICIOUS_MOVE = YES;
				CLANG_WARN_UNGUARDED_AVAILABILITY = YES_AGGRESSIVE;
				CLANG_WARN_UNREACHABLE_CODE = YES;
				CLANG_WARN__DUPLICATE_METHOD_MATCH = YES;
				COPY_PHASE_STRIP = NO;
				DEBUG_INFORMATION_FORMAT = dwarf;
				ENABLE_STRICT_OBJC_MSGSEND = YES;
				ENABLE_TESTABILITY = YES;
				ENABLE_USER_SCRIPT_SANDBOXING = YES;
				GCC_C_LANGUAGE_STANDARD = gnu17;
				GCC_DYNAMIC_NO_PIC = NO;
				GCC_NO_COMMON_BLOCKS = YES;
				GCC_OPTIMIZATION_LEVEL = 0;
				GCC_PREPROCESSOR_DEFINITIONS = (
					"DEBUG=1",
					"$(inherited)",
				);
				GCC_WARN_64_TO_32_BIT_CONVERSION = YES;
				GCC_WARN_ABOUT_RETURN_TYPE = YES_ERROR;
				GCC_WARN_UNDECLARED_SELECTOR = YES;
				GCC_WARN_UNINITIALIZED_AUTOS = YES_AGGRESSIVE;
				GCC_WARN_UNUSED_FUNCTION = YES;
				GCC_WARN_UNUSED_VARIABLE = YES;
				LOCALIZATION_PREFERS_STRING_CATALOGS = YES;
				MACOSX_DEPLOYMENT_TARGET = 14.7;
				MTL_ENABLE_DEBUG_INFO = INCLUDE_SOURCE;
				MTL_FAST_MATH = YES;
				ONLY_ACTIVE_ARCH = YES;
				SDKROOT = macosx;
				SWIFT_ACTIVE_COMPILATION_CONDITIONS = "DEBUG $(inherited)";
				SWIFT_OPTIMIZATION_LEVEL = "-Onone";
			};
			name = Debug;
		};
		C1A8CEA62DA4299C00ADE671 /* Release */ = {
			isa = XCBuildConfiguration;
			buildSettings = {
				ALWAYS_SEARCH_USER_PATHS = NO;
				ASSETCATALOG_COMPILER_GENERATE_SWIFT_ASSET_SYMBOL_EXTENSIONS = YES;
				CLANG_ANALYZER_NONNULL = YES;
				CLANG_ANALYZER_NUMBER_OBJECT_CONVERSION = YES_AGGRESSIVE;
				CLANG_CXX_LANGUAGE_STANDARD = "gnu++20";
				CLANG_ENABLE_MODULES = YES;
				CLANG_ENABLE_OBJC_ARC = YES;
				CLANG_ENABLE_OBJC_WEAK = YES;
				CLANG_WARN_BLOCK_CAPTURE_AUTORELEASING = YES;
				CLANG_WARN_BOOL_CONVERSION = YES;
				CLANG_WARN_COMMA = YES;
				CLANG_WARN_CONSTANT_CONVERSION = YES;
				CLANG_WARN_DEPRECATED_OBJC_IMPLEMENTATIONS = YES;
				CLANG_WARN_DIRECT_OBJC_ISA_USAGE = YES_ERROR;
				CLANG_WARN_DOCUMENTATION_COMMENTS = YES;
				CLANG_WARN_EMPTY_BODY = YES;
				CLANG_WARN_ENUM_CONVERSION = YES;
				CLANG_WARN_INFINITE_RECURSION = YES;
				CLANG_WARN_INT_CONVERSION = YES;
				CLANG_WARN_NON_LITERAL_NULL_CONVERSION = YES;
				CLANG_WARN_OBJC_IMPLICIT_RETAIN_SELF = YES;
				CLANG_WARN_OBJC_LITERAL_CONVERSION = YES;
				CLANG_WARN_OBJC_ROOT_CLASS = YES_ERROR;
				CLANG_WARN_QUOTED_INCLUDE_IN_FRAMEWORK_HEADER = YES;
				CLANG_WARN_RANGE_LOOP_ANALYSIS = YES;
				CLANG_WARN_STRICT_PROTOTYPES = YES;
				CLANG_WARN_SUSPICIOUS_MOVE = YES;
				CLANG_WARN_UNGUARDED_AVAILABILITY = YES_AGGRESSIVE;
				CLANG_WARN_UNREACHABLE_CODE = YES;
				CLANG_WARN__DUPLICATE_METHOD_MATCH = YES;
				COPY_PHASE_STRIP = NO;
				DEBUG_INFORMATION_FORMAT = "dwarf-with-dsym";
				ENABLE_NS_ASSERTIONS = NO;
				ENABLE_STRICT_OBJC_MSGSEND = YES;
				ENABLE_USER_SCRIPT_SANDBOXING = YES;
				GCC_C_LANGUAGE_STANDARD = gnu17;
				GCC_NO_COMMON_BLOCKS = YES;
				GCC_WARN_64_TO_32_BIT_CONVERSION = YES;
				GCC_WARN_ABOUT_RETURN_TYPE = YES_ERROR;
				GCC_WARN_UNDECLARED_SELECTOR = YES;
				GCC_WARN_UNINITIALIZED_AUTOS = YES_AGGRESSIVE;
				GCC_WARN_UNUSED_FUNCTION = YES;
				GCC_WARN_UNUSED_VARIABLE = YES;
				LOCALIZATION_PREFERS_STRING_CATALOGS = YES;
				MACOSX_DEPLOYMENT_TARGET = 14.7;
				MTL_ENABLE_DEBUG_INFO = NO;
				MTL_FAST_MATH = YES;
				SDKROOT = macosx;
				SWIFT_COMPILATION_MODE = wholemodule;
			};
			name = Release;
		};
		C1A8CEA82DA4299C00ADE671 /* Debug */ = {
			isa = XCBuildConfiguration;
			buildSettings = {
				ASSETCATALOG_COMPILER_APPICON_NAME = AppIcon;
				ASSETCATALOG_COMPILER_GLOBAL_ACCENT_COLOR_NAME = AccentColor;
				CODE_SIGN_ENTITLEMENTS = SpellingWordGame/SpellingWordGame.entitlements;
				"CODE_SIGN_IDENTITY[sdk=macosx*]" = "Apple Development";
				CODE_SIGN_STYLE = Automatic;
				COMBINE_HIDPI_IMAGES = YES;
				CURRENT_PROJECT_VERSION = 1;
				DEVELOPMENT_ASSET_PATHS = "\"SpellingWordGame/Preview Content\"";
				DEVELOPMENT_TEAM = 5PWMQSWZ4U;
				ENABLE_HARDENED_RUNTIME = YES;
				ENABLE_PREVIEWS = YES;
				GENERATE_INFOPLIST_FILE = YES;
				INFOPLIST_KEY_NSHumanReadableCopyright = "";
				LD_RUNPATH_SEARCH_PATHS = (
					"$(inherited)",
					"@executable_path/../Frameworks",
				);
				MARKETING_VERSION = 1.0;
				PRODUCT_BUNDLE_IDENTIFIER = ca.DanikaPeet.SpellingWordGame;
				PRODUCT_NAME = "$(TARGET_NAME)";
				SWIFT_EMIT_LOC_STRINGS = YES;
				SWIFT_VERSION = 5.0;
			};
			name = Debug;
		};
		C1A8CEA92DA4299C00ADE671 /* Release */ = {
			isa = XCBuildConfiguration;
			buildSettings = {
				ASSETCATALOG_COMPILER_APPICON_NAME = AppIcon;
				ASSETCATALOG_COMPILER_GLOBAL_ACCENT_COLOR_NAME = AccentColor;
				CODE_SIGN_ENTITLEMENTS = SpellingWordGame/SpellingWordGame.entitlements;
				"CODE_SIGN_IDENTITY[sdk=macosx*]" = "Apple Development";
				CODE_SIGN_STYLE = Automatic;
				COMBINE_HIDPI_IMAGES = YES;
				CURRENT_PROJECT_VERSION = 1;
				DEVELOPMENT_ASSET_PATHS = "\"SpellingWordGame/Preview Content\"";
				DEVELOPMENT_TEAM = 5PWMQSWZ4U;
				ENABLE_HARDENED_RUNTIME = YES;
				ENABLE_PREVIEWS = YES;
				GENERATE_INFOPLIST_FILE = YES;
				INFOPLIST_KEY_NSHumanReadableCopyright = "";
				LD_RUNPATH_SEARCH_PATHS = (
					"$(inherited)",
					"@executable_path/../Frameworks",
				);
				MARKETING_VERSION = 1.0;
				PRODUCT_BUNDLE_IDENTIFIER = ca.DanikaPeet.SpellingWordGame;
				PRODUCT_NAME = "$(TARGET_NAME)";
				SWIFT_EMIT_LOC_STRINGS = YES;
				SWIFT_VERSION = 5.0;
			};
			name = Release;
		};
/* End XCBuildConfiguration section */

/* Begin XCConfigurationList section */
		C1A8CE932DA4299800ADE671 /* Build configuration list for PBXProject "SpellingWordGame" */ = {
			isa = XCConfigurationList;
			buildConfigurations = (
				C1A8CEA52DA4299C00ADE671 /* Debug */,
				C1A8CEA62DA4299C00ADE671 /* Release */,
			);
			defaultConfigurationIsVisible = 0;
			defaultConfigurationName = Release;
		};
		C1A8CEA72DA4299C00ADE671 /* Build configuration list for PBXNativeTarget "SpellingWordGame" */ = {
			isa = XCConfigurationList;
			buildConfigurations = (
				C1A8CEA82DA4299C00ADE671 /* Debug */,
				C1A8CEA92DA4299C00ADE671 /* Release */,
			);
			defaultConfigurationIsVisible = 0;
			defaultConfigurationName = Release;
		};
/* End XCConfigurationList section */
	};
	rootObject = C1A8CE902DA4299800ADE671 /* Project object */;
}
